
Microsoft Visual Studio Solution File, Format Version 12.00
# Visual Studio 15
VisualStudioVersion = 15.0.27130.2027
MinimumVisualStudioVersion = 10.0.40219.1
Project("{FAE04EC0-301F-11D3-BF4B-00C04F79EFBC}") = "PartyInvites", "PartyInvites\PartyInvites.csproj", "{8BB751B1-7ABB-40BE-9268-7CC204485BDA}"
EndProject
Global
	GlobalSection(SolutionConfigurationPlatforms) = preSolution
		Debug|Any CPU = Debug|Any CPU
		Release|Any CPU = Release|Any CPU
	EndGlobalSection
	GlobalSection(ProjectConfigurationPlatforms) = postSolution
		{8BB751B1-7ABB-40BE-9268-7CC204485BDA}.Debug|Any CPU.ActiveCfg = Debug|Any CPU
		{8BB751B1-7ABB-40BE-9268-7CC204485BDA}.Debug|Any CPU.Build.0 = Debug|Any CPU
		{8BB751B1-7ABB-40BE-9268-7CC204485BDA}.Release|Any CPU.ActiveCfg = Release|Any CPU
		{8BB751B1-7ABB-40BE-9268-7CC204485BDA}.Release|Any CPU.Build.0 = Release|Any CPU
	EndGlobalSection
	GlobalSection(SolutionProperties) = preSolution
		HideSolutionNode = FALSE
	EndGlobalSection
	GlobalSection(ExtensibilityGlobals) = postSolution
		SolutionGuid = {8D943AE9-736F-42B5-838F-63BAC949F329}
	EndGlobalSection
EndGlobal
