
Microsoft Visual Studio Solution File, Format Version 12.00
# Visual Studio 15
VisualStudioVersion = 15.0.27130.2036
MinimumVisualStudioVersion = 10.0.40219.1
Project("{FAE04EC0-301F-11D3-BF4B-00C04F79EFBC}") = "UnitTesting", "UnitTesting\UnitTesting.csproj", "{D0A7FA4F-C97C-4A57-A0D8-F28B88F67A26}"
EndProject
Project("{FAE04EC0-301F-11D3-BF4B-00C04F79EFBC}") = "UnitTesting.Tests", "UnitTesting.Tests\UnitTesting.Tests.csproj", "{2A603020-1B9A-4AC6-98C0-28006BC17BC7}"
EndProject
Global
	GlobalSection(SolutionConfigurationPlatforms) = preSolution
		Debug|Any CPU = Debug|Any CPU
		Release|Any CPU = Release|Any CPU
	EndGlobalSection
	GlobalSection(ProjectConfigurationPlatforms) = postSolution
		{D0A7FA4F-C97C-4A57-A0D8-F28B88F67A26}.Debug|Any CPU.ActiveCfg = Debug|Any CPU
		{D0A7FA4F-C97C-4A57-A0D8-F28B88F67A26}.Debug|Any CPU.Build.0 = Debug|Any CPU
		{D0A7FA4F-C97C-4A57-A0D8-F28B88F67A26}.Release|Any CPU.ActiveCfg = Release|Any CPU
		{D0A7FA4F-C97C-4A57-A0D8-F28B88F67A26}.Release|Any CPU.Build.0 = Release|Any CPU
		{2A603020-1B9A-4AC6-98C0-28006BC17BC7}.Debug|Any CPU.ActiveCfg = Debug|Any CPU
		{2A603020-1B9A-4AC6-98C0-28006BC17BC7}.Debug|Any CPU.Build.0 = Debug|Any CPU
		{2A603020-1B9A-4AC6-98C0-28006BC17BC7}.Release|Any CPU.ActiveCfg = Release|Any CPU
		{2A603020-1B9A-4AC6-98C0-28006BC17BC7}.Release|Any CPU.Build.0 = Release|Any CPU
	EndGlobalSection
	GlobalSection(SolutionProperties) = preSolution
		HideSolutionNode = FALSE
	EndGlobalSection
	GlobalSection(ExtensibilityGlobals) = postSolution
		SolutionGuid = {5533C9BA-3500-49C6-8552-1E2A17F1A784}
	EndGlobalSection
EndGlobal
