
Microsoft Visual Studio Solution File, Format Version 12.00
# Visual Studio 15
VisualStudioVersion = 15.0.27130.2010
MinimumVisualStudioVersion = 10.0.40219.1
Project("{FAE04EC0-301F-11D3-BF4B-00C04F79EFBC}") = "AspNetIdentity.WebApi", "AspNetIdentity.WebApi\AspNetIdentity.WebApi.csproj", "{38A6C220-81AF-4B13-9B1D-F5662B002E61}"
EndProject
Global
	GlobalSection(SolutionConfigurationPlatforms) = preSolution
		Debug|Any CPU = Debug|Any CPU
		Release|Any CPU = Release|Any CPU
	EndGlobalSection
	GlobalSection(ProjectConfigurationPlatforms) = postSolution
		{38A6C220-81AF-4B13-9B1D-F5662B002E61}.Debug|Any CPU.ActiveCfg = Debug|Any CPU
		{38A6C220-81AF-4B13-9B1D-F5662B002E61}.Debug|Any CPU.Build.0 = Debug|Any CPU
		{38A6C220-81AF-4B13-9B1D-F5662B002E61}.Release|Any CPU.ActiveCfg = Release|Any CPU
		{38A6C220-81AF-4B13-9B1D-F5662B002E61}.Release|Any CPU.Build.0 = Release|Any CPU
	EndGlobalSection
	GlobalSection(SolutionProperties) = preSolution
		HideSolutionNode = FALSE
	EndGlobalSection
	GlobalSection(ExtensibilityGlobals) = postSolution
		SolutionGuid = {B8A9CD45-0C0A-408C-8950-57A3FB89C0D2}
	EndGlobalSection
EndGlobal
