
Microsoft Visual Studio Solution File, Format Version 12.00
# Visual Studio 15
VisualStudioVersion = 15.0.27428.2015
MinimumVisualStudioVersion = 10.0.40219.1
Project("{FAE04EC0-301F-11D3-BF4B-00C04F79EFBC}") = "FizzBuzz", "FizzBuzz\FizzBuzz.csproj", "{784C9635-8422-4964-851A-06A7A7F88519}"
EndProject
Project("{FAE04EC0-301F-11D3-BF4B-00C04F79EFBC}") = "FizzBuzz.Library", "FizzBuzz.Library\FizzBuzz.Library.csproj", "{67BA2818-789E-44A0-A2F6-77255BE80A90}"
EndProject
Project("{FAE04EC0-301F-11D3-BF4B-00C04F79EFBC}") = "FizzBuzz.Library.Tests", "FizzBuzz.Library.Tests\FizzBuzz.Library.Tests.csproj", "{7FFF2651-C4AF-4F46-8F73-58B930FDD637}"
EndProject
Global
	GlobalSection(SolutionConfigurationPlatforms) = preSolution
		Debug|Any CPU = Debug|Any CPU
		Release|Any CPU = Release|Any CPU
	EndGlobalSection
	GlobalSection(ProjectConfigurationPlatforms) = postSolution
		{784C9635-8422-4964-851A-06A7A7F88519}.Debug|Any CPU.ActiveCfg = Debug|Any CPU
		{784C9635-8422-4964-851A-06A7A7F88519}.Debug|Any CPU.Build.0 = Debug|Any CPU
		{784C9635-8422-4964-851A-06A7A7F88519}.Release|Any CPU.ActiveCfg = Release|Any CPU
		{784C9635-8422-4964-851A-06A7A7F88519}.Release|Any CPU.Build.0 = Release|Any CPU
		{67BA2818-789E-44A0-A2F6-77255BE80A90}.Debug|Any CPU.ActiveCfg = Debug|Any CPU
		{67BA2818-789E-44A0-A2F6-77255BE80A90}.Debug|Any CPU.Build.0 = Debug|Any CPU
		{67BA2818-789E-44A0-A2F6-77255BE80A90}.Release|Any CPU.ActiveCfg = Release|Any CPU
		{67BA2818-789E-44A0-A2F6-77255BE80A90}.Release|Any CPU.Build.0 = Release|Any CPU
		{7FFF2651-C4AF-4F46-8F73-58B930FDD637}.Debug|Any CPU.ActiveCfg = Debug|Any CPU
		{7FFF2651-C4AF-4F46-8F73-58B930FDD637}.Debug|Any CPU.Build.0 = Debug|Any CPU
		{7FFF2651-C4AF-4F46-8F73-58B930FDD637}.Release|Any CPU.ActiveCfg = Release|Any CPU
		{7FFF2651-C4AF-4F46-8F73-58B930FDD637}.Release|Any CPU.Build.0 = Release|Any CPU
	EndGlobalSection
	GlobalSection(SolutionProperties) = preSolution
		HideSolutionNode = FALSE
	EndGlobalSection
	GlobalSection(ExtensibilityGlobals) = postSolution
		SolutionGuid = {8AAB83D5-B9F4-4884-9AB0-0D872B0C1916}
	EndGlobalSection
EndGlobal
